
Microsoft Visual Studio Solution File, Format Version 12.00
# Visual Studio 15
VisualStudioVersion = 15.0.26430.16
MinimumVisualStudioVersion = 10.0.40219.1
Project("{2150E333-8FDC-42A3-9474-1A3956D46DE8}") = "build", "build", "{FAF9C31C-A1AF-42A9-9306-EC190DCACCC7}"
	ProjectSection(SolutionItems) = preProject
		build\common.props = build\common.props
		build\dependencies.props = build\dependencies.props
		build\repo.beforecommon.props = build\repo.beforecommon.props
		build\repo.props = build\repo.props
	EndProjectSection
EndProject
Project("{2150E333-8FDC-42A3-9474-1A3956D46DE8}") = "Globals", "Globals", "{6841D576-C833-4614-89D8-4CF4DECD1CFA}"
	ProjectSection(SolutionItems) = preProject
		.travis.yml = .travis.yml
		appveyor.yml = appveyor.yml
		build.cmd = build.cmd
		build.ps1 = build.ps1
		build.sh = build.sh
		NuGet.config = NuGet.config
		README.md = README.md
		version.xml = version.xml
	EndProjectSection
EndProject
Project("{2150E333-8FDC-42A3-9474-1A3956D46DE8}") = "src", "src", "{CE6B50B2-34AE-44C9-940A-4E48C3E1B3BC}"
EndProject
Project("{2150E333-8FDC-42A3-9474-1A3956D46DE8}") = "test", "test", "{258D5057-81B9-40EC-A872-D21E27452749}"
EndProject
Project("{2150E333-8FDC-42A3-9474-1A3956D46DE8}") = "Shared", "Shared", "{2B598BE4-9107-4F65-90E7-749F3A41F9D6}"
	ProjectSection(SolutionItems) = preProject
		src\Shared\Check.cs = src\Shared\Check.cs
		src\Shared\CodeAnnotations.cs = src\Shared\CodeAnnotations.cs
		src\Shared\MemberInfoExtensions.cs = src\Shared\MemberInfoExtensions.cs
		src\Shared\PropertyInfoExtensions.cs = src\Shared\PropertyInfoExtensions.cs
		src\Shared\SharedTypeExtensions.cs = src\Shared\SharedTypeExtensions.cs
		src\Shared\StringBuilderExtensions.cs = src\Shared\StringBuilderExtensions.cs
	EndProjectSection
EndProject
Project("{9A19103F-16F7-4668-BE54-9A1E7A4F7556}") = "Blueshift.EntityFrameworkCore.MongoDB", "src\Blueshift.EntityFrameworkCore.MongoDB\Blueshift.EntityFrameworkCore.MongoDB.csproj", "{E0841FBC-A266-41BF-AA5F-4514692D2161}"
EndProject
Project("{9A19103F-16F7-4668-BE54-9A1E7A4F7556}") = "Blueshift.EntityFrameworkCore.MongoDB.SampleDomain", "src\Blueshift.EntityFrameworkCore.MongoDB.SampleDomain\Blueshift.EntityFrameworkCore.MongoDB.SampleDomain.csproj", "{169261F6-0B97-47A5-98B8-E6AA084FF6A4}"
EndProject
Project("{9A19103F-16F7-4668-BE54-9A1E7A4F7556}") = "Blueshift.EntityFrameworkCore.MongoDB.Tests", "test\Blueshift.EntityFrameworkCore.MongoDB.Tests\Blueshift.EntityFrameworkCore.MongoDB.Tests.csproj", "{314B80D1-CBB7-4EF5-A5BD-3AD9F14069E8}"
EndProject
Project("{9A19103F-16F7-4668-BE54-9A1E7A4F7556}") = "Blueshift.Identity.MongoDB", "src\Blueshift.Identity.MongoDB\Blueshift.Identity.MongoDB.csproj", "{85A1B2BB-BF46-445A-85C3-CFB1CCCB33CE}"
EndProject
Project("{9A19103F-16F7-4668-BE54-9A1E7A4F7556}") = "Blueshift.Identity.MongoDB.Tests", "test\Blueshift.Identity.MongoDB.Tests\Blueshift.Identity.MongoDB.Tests.csproj", "{E7AF1BE9-6017-4FDF-BDEC-B3FAC1888A25}"
EndProject
Project("{9A19103F-16F7-4668-BE54-9A1E7A4F7556}") = "Blueshift.MongoDB.Tests.Shared", "src\Blueshift.MongoDB.Tests.Shared\Blueshift.MongoDB.Tests.Shared.csproj", "{5EAA5630-0DB1-4277-8ABE-404D336AA921}"
EndProject
Global
	GlobalSection(SolutionConfigurationPlatforms) = preSolution
		Debug|Any CPU = Debug|Any CPU
		Release|Any CPU = Release|Any CPU
	EndGlobalSection
	GlobalSection(ProjectConfigurationPlatforms) = postSolution
		{E0841FBC-A266-41BF-AA5F-4514692D2161}.Debug|Any CPU.ActiveCfg = Debug|Any CPU
		{E0841FBC-A266-41BF-AA5F-4514692D2161}.Debug|Any CPU.Build.0 = Debug|Any CPU
		{E0841FBC-A266-41BF-AA5F-4514692D2161}.Release|Any CPU.ActiveCfg = Release|Any CPU
		{E0841FBC-A266-41BF-AA5F-4514692D2161}.Release|Any CPU.Build.0 = Release|Any CPU
		{169261F6-0B97-47A5-98B8-E6AA084FF6A4}.Debug|Any CPU.ActiveCfg = Debug|Any CPU
		{169261F6-0B97-47A5-98B8-E6AA084FF6A4}.Debug|Any CPU.Build.0 = Debug|Any CPU
		{169261F6-0B97-47A5-98B8-E6AA084FF6A4}.Release|Any CPU.ActiveCfg = Release|Any CPU
		{169261F6-0B97-47A5-98B8-E6AA084FF6A4}.Release|Any CPU.Build.0 = Release|Any CPU
		{314B80D1-CBB7-4EF5-A5BD-3AD9F14069E8}.Debug|Any CPU.ActiveCfg = Debug|Any CPU
		{314B80D1-CBB7-4EF5-A5BD-3AD9F14069E8}.Debug|Any CPU.Build.0 = Debug|Any CPU
		{314B80D1-CBB7-4EF5-A5BD-3AD9F14069E8}.Release|Any CPU.ActiveCfg = Release|Any CPU
		{314B80D1-CBB7-4EF5-A5BD-3AD9F14069E8}.Release|Any CPU.Build.0 = Release|Any CPU
		{85A1B2BB-BF46-445A-85C3-CFB1CCCB33CE}.Debug|Any CPU.ActiveCfg = Debug|Any CPU
		{85A1B2BB-BF46-445A-85C3-CFB1CCCB33CE}.Debug|Any CPU.Build.0 = Debug|Any CPU
		{85A1B2BB-BF46-445A-85C3-CFB1CCCB33CE}.Release|Any CPU.ActiveCfg = Release|Any CPU
		{85A1B2BB-BF46-445A-85C3-CFB1CCCB33CE}.Release|Any CPU.Build.0 = Release|Any CPU
		{E7AF1BE9-6017-4FDF-BDEC-B3FAC1888A25}.Debug|Any CPU.ActiveCfg = Debug|Any CPU
		{E7AF1BE9-6017-4FDF-BDEC-B3FAC1888A25}.Debug|Any CPU.Build.0 = Debug|Any CPU
		{E7AF1BE9-6017-4FDF-BDEC-B3FAC1888A25}.Release|Any CPU.ActiveCfg = Release|Any CPU
		{E7AF1BE9-6017-4FDF-BDEC-B3FAC1888A25}.Release|Any CPU.Build.0 = Release|Any CPU
		{5EAA5630-0DB1-4277-8ABE-404D336AA921}.Debug|Any CPU.ActiveCfg = Debug|Any CPU
		{5EAA5630-0DB1-4277-8ABE-404D336AA921}.Debug|Any CPU.Build.0 = Debug|Any CPU
		{5EAA5630-0DB1-4277-8ABE-404D336AA921}.Release|Any CPU.ActiveCfg = Release|Any CPU
		{5EAA5630-0DB1-4277-8ABE-404D336AA921}.Release|Any CPU.Build.0 = Release|Any CPU
	EndGlobalSection
	GlobalSection(SolutionProperties) = preSolution
		HideSolutionNode = FALSE
	EndGlobalSection
	GlobalSection(NestedProjects) = preSolution
		{2B598BE4-9107-4F65-90E7-749F3A41F9D6} = {CE6B50B2-34AE-44C9-940A-4E48C3E1B3BC}
		{E0841FBC-A266-41BF-AA5F-4514692D2161} = {CE6B50B2-34AE-44C9-940A-4E48C3E1B3BC}
		{169261F6-0B97-47A5-98B8-E6AA084FF6A4} = {CE6B50B2-34AE-44C9-940A-4E48C3E1B3BC}
		{314B80D1-CBB7-4EF5-A5BD-3AD9F14069E8} = {258D5057-81B9-40EC-A872-D21E27452749}
		{85A1B2BB-BF46-445A-85C3-CFB1CCCB33CE} = {CE6B50B2-34AE-44C9-940A-4E48C3E1B3BC}
		{E7AF1BE9-6017-4FDF-BDEC-B3FAC1888A25} = {258D5057-81B9-40EC-A872-D21E27452749}
		{5EAA5630-0DB1-4277-8ABE-404D336AA921} = {CE6B50B2-34AE-44C9-940A-4E48C3E1B3BC}
	EndGlobalSection
EndGlobal
